
Microsoft Visual Studio Solution File, Format Version 12.00
# Visual Studio 15
VisualStudioVersion = 15.0.28307.1585
MinimumVisualStudioVersion = 10.0.40219.1
Project("{D2ABAB84-BF74-430A-B69E-9DC6D40DDA17}") = "SSAS_Data_Mining_project", "SSAS_Data_Mining_project\SSAS_Data_Mining_project.dwproj", "{575725A6-EFBF-4A64-A476-31C8634F3758}"
EndProject
Global
	GlobalSection(SolutionConfigurationPlatforms) = preSolution
		Development|Default = Development|Default
	EndGlobalSection
	GlobalSection(ProjectConfigurationPlatforms) = postSolution
		{575725A6-EFBF-4A64-A476-31C8634F3758}.Development|Default.ActiveCfg = Development
		{575725A6-EFBF-4A64-A476-31C8634F3758}.Development|Default.Build.0 = Development
		{575725A6-EFBF-4A64-A476-31C8634F3758}.Development|Default.Deploy.0 = Development
	EndGlobalSection
	GlobalSection(SolutionProperties) = preSolution
		HideSolutionNode = FALSE
	EndGlobalSection
	GlobalSection(ExtensibilityGlobals) = postSolution
		SolutionGuid = {AC19E0CD-F336-405A-B4E4-8D2F51520E98}
	EndGlobalSection
EndGlobal
